Microsoft Visual Studio Solution File, Format Version 11.00
# Visual Studio 2008

Project("{D509061D-5640-B2A0-37C8-A85C4F7B964D}") = "StackGame", "Assembly-CSharp.csproj", "{3868D236-5C1F-0F5D-94EA-E75462390686}"
EndProject
Global
	GlobalSection(SolutionConfigurationPlatforms) = preSolution
		Debug|Any CPU = Debug|Any CPU
		Release|Any CPU = Release|Any CPU
	EndGlobalSection
	GlobalSection(ProjectConfigurationPlatforms) = postSolution
		{3868D236-5C1F-0F5D-94EA-E75462390686}.Debug|Any CPU.ActiveCfg = Debug|Any CPU
		{3868D236-5C1F-0F5D-94EA-E75462390686}.Debug|Any CPU.Build.0 = Debug|Any CPU
		{3868D236-5C1F-0F5D-94EA-E75462390686}.Release|Any CPU.ActiveCfg = Release|Any CPU
		{3868D236-5C1F-0F5D-94EA-E75462390686}.Release|Any CPU.Build.0 = Release|Any CPU
	EndGlobalSection
	GlobalSection(SolutionProperties) = preSolution
		HideSolutionNode = FALSE
	EndGlobalSection
	GlobalSection(MonoDevelopProperties) = preSolution
		StartupItem = Assembly-CSharp.csproj
	EndGlobalSection
EndGlobal
